{
  "nodes": {
    "nixpkgs": {
      "locked": {
        "lastModified": 1654694478,
        "narHash": "sha256-nFAMETXEhIrqnBe28u6vqy4ixSRr0BRrlZLlS0e7eoM=",
        "owner": "nixos",
        "repo": "nixpkgs",
        "rev": "18de53ca965bd0678aaf09e5ce0daae05c58355a",
        "type": "github"
      },
      "original": {
        "owner": "nixos",
        "ref": "nixpkgs-unstable",
        "repo": "nixpkgs",
        "type": "github"
      }
    },
    "root": {
      "inputs": {
        "nixpkgs": "nixpkgs"
      }
    }
  },
  "root": "root",
  "version": 7
}
