# THIS IS AN AUTOGENERATED FILE. DO NOT EDIT THIS FILE DIRECTLY.
# yarn lockfile v1


"@web3api/templates@0.0.1-prealpha.84":
  version "0.0.1-prealpha.84"
  resolved "https://registry.yarnpkg.com/@web3api/templates/-/templates-0.0.1-prealpha.84.tgz#2ced21e21ee910303575dece34c88a510ba5377b"
  integrity sha512-BAAc+hG8H40avqQUG/zMykFbpcmR/9LK9jb3fJV50DGEwcJIxd3oXS/rnbwZKRC7dop36BbjlUwo/5N6SOcssA==
